{
  "nodes": {
    "doomemacs": {
      "flake": false,
      "locked": {
        "lastModified": 1767773143,
        "narHash": "sha256-QL/t9v2kFNxBDyNJb/s411o3mxujan+QX5IZglTdpTk=",
        "owner": "doomemacs",
        "repo": "doomemacs",
        "rev": "3e15fb36d7f94f0a218bda977be4d3f5da983a71",
        "type": "github"
      },
      "original": {
        "owner": "doomemacs",
        "ref": "master",
        "repo": "doomemacs",
        "type": "github"
      }
    },
    "flake-compat": {
      "flake": false,
      "locked": {
        "lastModified": 1747046372,
        "narHash": "sha256-CIVLLkVgvHYbgI2UpXvIIBJ12HWgX+fjA8Xf8PUmqCY=",
        "owner": "edolstra",
        "repo": "flake-compat",
        "rev": "9100a0f413b0c601e0533d1d94ffd501ce2e7885",
        "type": "github"
      },
      "original": {
        "owner": "edolstra",
        "repo": "flake-compat",
        "type": "github"
      }
    },
    "home-manager": {
      "inputs": {
        "nixpkgs": [
          "nixpkgs"
        ]
      },
      "locked": {
        "lastModified": 1768018810,
        "narHash": "sha256-WREj1ZQ2wSGtyPAhQJ3SX/7PJ29PNKv04h/7NgqUS+M=",
        "owner": "nix-community",
        "repo": "home-manager",
        "rev": "7c5d9345ad7cc38832cd4007f5cd03daad64d75b",
        "type": "github"
      },
      "original": {
        "owner": "nix-community",
        "ref": "master",
        "repo": "home-manager",
        "type": "github"
      }
    },
    "niri": {
      "inputs": {
        "niri-stable": "niri-stable",
        "niri-unstable": "niri-unstable",
        "nixpkgs": [
          "nixpkgs"
        ],
        "nixpkgs-stable": "nixpkgs-stable",
        "xwayland-satellite-stable": "xwayland-satellite-stable",
        "xwayland-satellite-unstable": "xwayland-satellite-unstable"
      },
      "locked": {
        "lastModified": 1767968032,
        "narHash": "sha256-YQoAOsFSbxBMHpKVB9gT3n4ErQXTN0JH8aHq0i674Ws=",
        "owner": "sodiboo",
        "repo": "niri-flake",
        "rev": "ed95e95f30d6bea60538f198c28c790a0a1045ef",
        "type": "github"
      },
      "original": {
        "owner": "sodiboo",
        "repo": "niri-flake",
        "type": "github"
      }
    },
    "niri-stable": {
      "flake": false,
      "locked": {
        "lastModified": 1756556321,
        "narHash": "sha256-RLD89dfjN0RVO86C/Mot0T7aduCygPGaYbog566F0Qo=",
        "owner": "YaLTeR",
        "repo": "niri",
        "rev": "01be0e65f4eb91a9cd624ac0b76aaeab765c7294",
        "type": "github"
      },
      "original": {
        "owner": "YaLTeR",
        "ref": "v25.08",
        "repo": "niri",
        "type": "github"
      }
    },
    "niri-unstable": {
      "flake": false,
      "locked": {
        "lastModified": 1767792726,
        "narHash": "sha256-qS4tdG2iUQwSld9dTH1gk8GcIOrRi9umMgPv8MGDIA0=",
        "owner": "YaLTeR",
        "repo": "niri",
        "rev": "10df9f4717cbd4efd20ae796eb6b0aa400127bdc",
        "type": "github"
      },
      "original": {
        "owner": "YaLTeR",
        "repo": "niri",
        "type": "github"
      }
    },
    "nix-xilinx": {
      "inputs": {
        "flake-compat": "flake-compat",
        "nixpkgs": [
          "nixpkgs"
        ]
      },
      "locked": {
        "lastModified": 1754476389,
        "narHash": "sha256-lNaE2VobMUPCqn+jkI77z9aDz2qNsNKrG8eZ/1iPObk=",
        "owner": "doronbehar",
        "repo": "nix-xilinx",
        "rev": "2c1c95c8592af3e007956ca166cf63eb02b0515a",
        "type": "gitlab"
      },
      "original": {
        "owner": "doronbehar",
        "repo": "nix-xilinx",
        "type": "gitlab"
      }
    },
    "nixpkgs": {
      "locked": {
        "lastModified": 1767892417,
        "narHash": "sha256-dhhvQY67aboBk8b0/u0XB6vwHdgbROZT3fJAjyNh5Ww=",
        "owner": "NixOS",
        "repo": "nixpkgs",
        "rev": "3497aa5c9457a9d88d71fa93a4a8368816fbeeba",
        "type": "github"
      },
      "original": {
        "owner": "NixOS",
        "ref": "nixos-unstable",
        "repo": "nixpkgs",
        "type": "github"
      }
    },
    "nixpkgs-stable": {
      "locked": {
        "lastModified": 1767799921,
        "narHash": "sha256-r4GVX+FToWVE2My8VVZH4V0pTIpnu2ZE8/Z4uxGEMBE=",
        "owner": "NixOS",
        "repo": "nixpkgs",
        "rev": "d351d0653aeb7877273920cd3e823994e7579b0b",
        "type": "github"
      },
      "original": {
        "owner": "NixOS",
        "ref": "nixos-25.11",
        "repo": "nixpkgs",
        "type": "github"
      }
    },
    "root": {
      "inputs": {
        "doomemacs": "doomemacs",
        "home-manager": "home-manager",
        "niri": "niri",
        "nix-xilinx": "nix-xilinx",
        "nixpkgs": "nixpkgs"
      }
    },
    "xwayland-satellite-stable": {
      "flake": false,
      "locked": {
        "lastModified": 1755491097,
        "narHash": "sha256-m+9tUfsmBeF2Gn4HWa6vSITZ4Gz1eA1F5Kh62B0N4oE=",
        "owner": "Supreeeme",
        "repo": "xwayland-satellite",
        "rev": "388d291e82ffbc73be18169d39470f340707edaa",
        "type": "github"
      },
      "original": {
        "owner": "Supreeeme",
        "ref": "v0.7",
        "repo": "xwayland-satellite",
        "type": "github"
      }
    },
    "xwayland-satellite-unstable": {
      "flake": false,
      "locked": {
        "lastModified": 1767932953,
        "narHash": "sha256-V8+DrPOp940J6icERAaGuDQTKyEyZzFuRw363XwDKXg=",
        "owner": "Supreeeme",
        "repo": "xwayland-satellite",
        "rev": "bc47ef59501556fc2584155ddef76493752dd727",
        "type": "github"
      },
      "original": {
        "owner": "Supreeeme",
        "repo": "xwayland-satellite",
        "type": "github"
      }
    }
  },
  "root": "root",
  "version": 7
}
